// !$*UTF8*$!
{
	archiveVersion = 1;
	classes = {
	};
	objectVersion = 46;
	objects = {

/* Begin PBXBuildFile section */
		74387F8A1B90638A0028BBC5 /* main.m in Sources */ = {isa = PBXBuildFile; fileRef = 74387F891B90638A0028BBC5 /* main.m */; };
		74387F8D1B90638A0028BBC5 /* AppDelegate.m in Sources */ = {isa = PBXBuildFile; fileRef = 74387F8C1B90638A0028BBC5 /* AppDelegate.m */; };
		74387F901B90638A0028BBC5 /* ViewController.m in Sources */ = {isa = PBXBuildFile; fileRef = 74387F8F1B90638A0028BBC5 /* ViewController.m */; };
		74387F931B90638A0028BBC5 /* Main.storyboard in Resources */ = {isa = PBXBuildFile; fileRef = 74387F911B90638A0028BBC5 /* Main.storyboard */; };
		74387F951B90638A0028BBC5 /* Images.xcassets in Resources */ = {isa = PBXBuildFile; fileRef = 74387F941B90638A0028BBC5 /* Images.xcassets */; };
		74387F981B90638A0028BBC5 /* LaunchScreen.xib in Resources */ = {isa = PBXBuildFile; fileRef = 74387F961B90638A0028BBC5 /* LaunchScreen.xib */; };
		74387FA41B90638A0028BBC5 /* MSDTJTests.m in Sources */ = {isa = PBXBuildFile; fileRef = 74387FA31B90638A0028BBC5 /* MSDTJTests.m */; };
/* End PBXBuildFile section */

/* Begin PBXContainerItemProxy section */
		74387F9E1B90638A0028BBC5 /* PBXContainerItemProxy */ = {
			isa = PBXContainerItemProxy;
			containerPortal = 74387F7C1B90638A0028BBC5 /* Project object */;
			proxyType = 1;
			remoteGlobalIDString = 74387F831B90638A0028BBC5;
			remoteInfo = MSDTJ;
		};
/* End PBXContainerItemProxy section */

/* Begin PBXFileReference section */
		74387F841B90638A0028BBC5 /* MSDTJ.app */ = {isa = PBXFileReference; explicitFileType = wrapper.application; includeInIndex = 0; path = MSDTJ.app; sourceTree = BUILT_PRODUCTS_DIR; };
		74387F881B90638A0028BBC5 /* Info.plist */ = {isa = PBXFileReference; lastKnownFileType = text.plist.xml; path = Info.plist; sourceTree = "<group>"; };
		74387F891B90638A0028BBC5 /* main.m */ = {isa = PBXFileReference; lastKnownFileType = sourcecode.c.objc; path = main.m; sourceTree = "<group>"; };
		74387F8B1B90638A0028BBC5 /* AppDelegate.h */ = {isa = PBXFileReference; lastKnownFileType = sourcecode.c.h; path = AppDelegate.h; sourceTree = "<group>"; };
		74387F8C1B90638A0028BBC5 /* AppDelegate.m */ = {isa = PBXFileReference; lastKnownFileType = sourcecode.c.objc; path = AppDelegate.m; sourceTree = "<group>"; };
		74387F8E1B90638A0028BBC5 /* ViewController.h */ = {isa = PBXFileReference; lastKnownFileType = sourcecode.c.h; path = ViewController.h; sourceTree = "<group>"; };
		74387F8F1B90638A0028BBC5 /* ViewController.m */ = {isa = PBXFileReference; lastKnownFileType = sourcecode.c.objc; path = ViewController.m; sourceTree = "<group>"; };
		74387F921B90638A0028BBC5 /* Base */ = {isa = PBXFileReference; lastKnownFileType = file.storyboard; name = Base; path = Base.lproj/Main.storyboard; sourceTree = "<group>"; };
		74387F941B90638A0028BBC5 /* Images.xcassets */ = {isa = PBXFileReference; lastKnownFileType = folder.assetcatalog; path = Images.xcassets; sourceTree = "<group>"; };
		74387F971B90638A0028BBC5 /* Base */ = {isa = PBXFileReference; lastKnownFileType = file.xib; name = Base; path = Base.lproj/LaunchScreen.xib; sourceTree = "<group>"; };
		74387F9D1B90638A0028BBC5 /* MSDTJTests.xctest */ = {isa = PBXFileReference; explicitFileType = wrapper.cfbundle; includeInIndex = 0; path = MSDTJTests.xctest; sourceTree = BUILT_PRODUCTS_DIR; };
		74387FA21B90638A0028BBC5 /* Info.plist */ = {isa = PBXFileReference; lastKnownFileType = text.plist.xml; path = Info.plist; sourceTree = "<group>"; };
		74387FA31B90638A0028BBC5 /* MSDTJTests.m */ = {isa = PBXFileReference; lastKnownFileType = sourcecode.c.objc; path = MSDTJTests.m; sourceTree = "<group>"; };
/* End PBXFileReference section */

/* Begin PBXFrameworksBuildPhase section */
		74387F811B90638A0028BBC5 /* Frameworks */ = {
			isa = PBXFrameworksBuildPhase;
			buildActionMask = 2147483647;
			files = (
			);
			runOnlyForDeploymentPostprocessing = 0;
		};
		74387F9A1B90638A0028BBC5 /* Frameworks */ = {
			isa = PBXFrameworksBuildPhase;
			buildActionMask = 2147483647;
			files = (
			);
			runOnlyForDeploymentPostprocessing = 0;
		};
/* End PBXFrameworksBuildPhase section */

/* Begin PBXGroup section */
		74387F7B1B90638A0028BBC5 = {
			isa = PBXGroup;
			children = (
				74387F861B90638A0028BBC5 /* MSDTJ */,
				74387FA01B90638A0028BBC5 /* MSDTJTests */,
				74387F851B90638A0028BBC5 /* Products */,
			);
			sourceTree = "<group>";
		};
		74387F851B90638A0028BBC5 /* Products */ = {
			isa = PBXGroup;
			children = (
				74387F841B90638A0028BBC5 /* MSDTJ.app */,
				74387F9D1B90638A0028BBC5 /* MSDTJTests.xctest */,
			);
			name = Products;
			sourceTree = "<group>";
		};
		74387F861B90638A0028BBC5 /* MSDTJ */ = {
			isa = PBXGroup;
			children = (
				74387F8B1B90638A0028BBC5 /* AppDelegate.h */,
				74387F8C1B90638A0028BBC5 /* AppDelegate.m */,
				74387F8E1B90638A0028BBC5 /* ViewController.h */,
				74387F8F1B90638A0028BBC5 /* ViewController.m */,
				74387F911B90638A0028BBC5 /* Main.storyboard */,
				74387F941B90638A0028BBC5 /* Images.xcassets */,
				74387F961B90638A0028BBC5 /* LaunchScreen.xib */,
				74387F871B90638A0028BBC5 /* Supporting Files */,
			);
			path = MSDTJ;
			sourceTree = "<group>";
		};
		74387F871B90638A0028BBC5 /* Supporting Files */ = {
			isa = PBXGroup;
			children = (
				74387F881B90638A0028BBC5 /* Info.plist */,
				74387F891B90638A0028BBC5 /* main.m */,
			);
			name = "Supporting Files";
			sourceTree = "<group>";
		};
		74387FA01B90638A0028BBC5 /* MSDTJTests */ = {
			isa = PBXGroup;
			children = (
				74387FA31B90638A0028BBC5 /* MSDTJTests.m */,
				74387FA11B90638A0028BBC5 /* Supporting Files */,
			);
			path = MSDTJTests;
			sourceTree = "<group>";
		};
		74387FA11B90638A0028BBC5 /* Supporting Files */ = {
			isa = PBXGroup;
			children = (
				74387FA21B90638A0028BBC5 /* Info.plist */,
			);
			name = "Supporting Files";
			sourceTree = "<group>";
		};
/* End PBXGroup section */

/* Begin PBXNativeTarget section */
		74387F831B90638A0028BBC5 /* MSDTJ */ = {
			isa = PBXNativeTarget;
			buildConfigurationList = 74387FA71B90638A0028BBC5 /* Build configuration list for PBXNativeTarget "MSDTJ" */;
			buildPhases = (
				74387F801B90638A0028BBC5 /* Sources */,
				74387F811B90638A0028BBC5 /* Frameworks */,
				74387F821B90638A0028BBC5 /* Resources */,
			);
			buildRules = (
			);
			dependencies = (
			);
			name = MSDTJ;
			productName = MSDTJ;
			productReference = 74387F841B90638A0028BBC5 /* MSDTJ.app */;
			productType = "com.apple.product-type.application";
		};
		74387F9C1B90638A0028BBC5 /* MSDTJTests */ = {
			isa = PBXNativeTarget;
			buildConfigurationList = 74387FAA1B90638A0028BBC5 /* Build configuration list for PBXNativeTarget "MSDTJTests" */;
			buildPhases = (
				74387F991B90638A0028BBC5 /* Sources */,
				74387F9A1B90638A0028BBC5 /* Frameworks */,
				74387F9B1B90638A0028BBC5 /* Resources */,
			);
			buildRules = (
			);
			dependencies = (
				74387F9F1B90638A0028BBC5 /* PBXTargetDependency */,
			);
			name = MSDTJTests;
			productName = MSDTJTests;
			productReference = 74387F9D1B90638A0028BBC5 /* MSDTJTests.xctest */;
			productType = "com.apple.product-type.bundle.unit-test";
		};
/* End PBXNativeTarget section */

/* Begin PBXProject section */
		74387F7C1B90638A0028BBC5 /* Project object */ = {
			isa = PBXProject;
			attributes = {
				LastUpgradeCheck = 0610;
				ORGANIZATIONNAME = Benfu;
				TargetAttributes = {
					74387F831B90638A0028BBC5 = {
						CreatedOnToolsVersion = 6.1;
					};
					74387F9C1B90638A0028BBC5 = {
						CreatedOnToolsVersion = 6.1;
						TestTargetID = 74387F831B90638A0028BBC5;
					};
				};
			};
			buildConfigurationList = 74387F7F1B90638A0028BBC5 /* Build configuration list for PBXProject "MSDTJ" */;
			compatibilityVersion = "Xcode 3.2";
			developmentRegion = English;
			hasScannedForEncodings = 0;
			knownRegions = (
				en,
				Base,
			);
			mainGroup = 74387F7B1B90638A0028BBC5;
			productRefGroup = 74387F851B90638A0028BBC5 /* Products */;
			projectDirPath = "";
			projectRoot = "";
			targets = (
				74387F831B90638A0028BBC5 /* MSDTJ */,
				74387F9C1B90638A0028BBC5 /* MSDTJTests */,
			);
		};
/* End PBXProject section */

/* Begin PBXResourcesBuildPhase section */
		74387F821B90638A0028BBC5 /* Resources */ = {
			isa = PBXResourcesBuildPhase;
			buildActionMask = 2147483647;
			files = (
				74387F931B90638A0028BBC5 /* Main.storyboard in Resources */,
				74387F981B90638A0028BBC5 /* LaunchScreen.xib in Resources */,
				74387F951B90638A0028BBC5 /* Images.xcassets in Resources */,
			);
			runOnlyForDeploymentPostprocessing = 0;
		};
		74387F9B1B90638A0028BBC5 /* Resources */ = {
			isa = PBXResourcesBuildPhase;
			buildActionMask = 2147483647;
			files = (
			);
			runOnlyForDeploymentPostprocessing = 0;
		};
/* End PBXResourcesBuildPhase section */

/* Begin PBXSourcesBuildPhase section */
		74387F801B90638A0028BBC5 /* Sources */ = {
			isa = PBXSourcesBuildPhase;
			buildActionMask = 2147483647;
			files = (
				74387F901B90638A0028BBC5 /* ViewController.m in Sources */,
				74387F8D1B90638A0028BBC5 /* AppDelegate.m in Sources */,
				74387F8A1B90638A0028BBC5 /* main.m in Sources */,
			);
			runOnlyForDeploymentPostprocessing = 0;
		};
		74387F991B90638A0028BBC5 /* Sources */ = {
			isa = PBXSourcesBuildPhase;
			buildActionMask = 2147483647;
			files = (
				74387FA41B90638A0028BBC5 /* MSDTJTests.m in Sources */,
			);
			runOnlyForDeploymentPostprocessing = 0;
		};
/* End PBXSourcesBuildPhase section */

/* Begin PBXTargetDependency section */
		74387F9F1B90638A0028BBC5 /* PBXTargetDependency */ = {
			isa = PBXTargetDependency;
			target = 74387F831B90638A0028BBC5 /* MSDTJ */;
			targetProxy = 74387F9E1B90638A0028BBC5 /* PBXContainerItemProxy */;
		};
/* End PBXTargetDependency section */

/* Begin PBXVariantGroup section */
		74387F911B90638A0028BBC5 /* Main.storyboard */ = {
			isa = PBXVariantGroup;
			children = (
				74387F921B90638A0028BBC5 /* Base */,
			);
			name = Main.storyboard;
			sourceTree = "<group>";
		};
		74387F961B90638A0028BBC5 /* LaunchScreen.xib */ = {
			isa = PBXVariantGroup;
			children = (
				74387F971B90638A0028BBC5 /* Base */,
			);
			name = LaunchScreen.xib;
			sourceTree = "<group>";
		};
/* End PBXVariantGroup section */

/* Begin XCBuildConfiguration section */
		74387FA51B90638A0028BBC5 /* Debug */ = {
			isa = XCBuildConfiguration;
			buildSettings = {
				ALWAYS_SEARCH_USER_PATHS = NO;
				CLANG_CXX_LANGUAGE_STANDARD = "gnu++0x";
				CLANG_CXX_LIBRARY = "libc++";
				CLANG_ENABLE_MODULES = YES;
				CLANG_ENABLE_OBJC_ARC = YES;
				CLANG_WARN_BOOL_CONVERSION = YES;
				CLANG_WARN_CONSTANT_CONVERSION = YES;
				CLANG_WARN_DIRECT_OBJC_ISA_USAGE = YES_ERROR;
				CLANG_WARN_EMPTY_BODY = YES;
				CLANG_WARN_ENUM_CONVERSION = YES;
				CLANG_WARN_INT_CONVERSION = YES;
				CLANG_WARN_OBJC_ROOT_CLASS = YES_ERROR;
				CLANG_WARN_UNREACHABLE_CODE = YES;
				CLANG_WARN__DUPLICATE_METHOD_MATCH = YES;
				"CODE_SIGN_IDENTITY[sdk=iphoneos*]" = "iPhone Developer";
				COPY_PHASE_STRIP = NO;
				ENABLE_STRICT_OBJC_MSGSEND = YES;
				GCC_C_LANGUAGE_STANDARD = gnu99;
				GCC_DYNAMIC_NO_PIC = NO;
				GCC_OPTIMIZATION_LEVEL = 0;
				GCC_PREPROCESSOR_DEFINITIONS = (
					"DEBUG=1",
					"$(inherited)",
				);
				GCC_SYMBOLS_PRIVATE_EXTERN = NO;
				GCC_WARN_64_TO_32_BIT_CONVERSION = YES;
				GCC_WARN_ABOUT_RETURN_TYPE = YES_ERROR;
				GCC_WARN_UNDECLARED_SELECTOR = YES;
				GCC_WARN_UNINITIALIZED_AUTOS = YES_AGGRESSIVE;
				GCC_WARN_UNUSED_FUNCTION = YES;
				GCC_WARN_UNUSED_VARIABLE = YES;
				IPHONEOS_DEPLOYMENT_TARGET = 8.1;
				MTL_ENABLE_DEBUG_INFO = YES;
				ONLY_ACTIVE_ARCH = YES;
				SDKROOT = iphoneos;
			};
			name = Debug;
		};
		74387FA61B90638A0028BBC5 /* Release */ = {
			isa = XCBuildConfiguration;
			buildSettings = {
				ALWAYS_SEARCH_USER_PATHS = NO;
				CLANG_CXX_LANGUAGE_STANDARD = "gnu++0x";
				CLANG_CXX_LIBRARY = "libc++";
				CLANG_ENABLE_MODULES = YES;
				CLANG_ENABLE_OBJC_ARC = YES;
				CLANG_WARN_BOOL_CONVERSION = YES;
				CLANG_WARN_CONSTANT_CONVERSION = YES;
				CLANG_WARN_DIRECT_OBJC_ISA_USAGE = YES_ERROR;
				CLANG_WARN_EMPTY_BODY = YES;
				CLANG_WARN_ENUM_CONVERSION = YES;
				CLANG_WARN_INT_CONVERSION = YES;
				CLANG_WARN_OBJC_ROOT_CLASS = YES_ERROR;
				CLANG_WARN_UNREACHABLE_CODE = YES;
				CLANG_WARN__DUPLICATE_METHOD_MATCH = YES;
				"CODE_SIGN_IDENTITY[sdk=iphoneos*]" = "iPhone Developer";
				COPY_PHASE_STRIP = YES;
				ENABLE_NS_ASSERTIONS = NO;
				ENABLE_STRICT_OBJC_MSGSEND = YES;
				GCC_C_LANGUAGE_STANDARD = gnu99;
				GCC_WARN_64_TO_32_BIT_CONVERSION = YES;
				GCC_WARN_ABOUT_RETURN_TYPE = YES_ERROR;
				GCC_WARN_UNDECLARED_SELECTOR = YES;
				GCC_WARN_UNINITIALIZED_AUTOS = YES_AGGRESSIVE;
				GCC_WARN_UNUSED_FUNCTION = YES;
				GCC_WARN_UNUSED_VARIABLE = YES;
				IPHONEOS_DEPLOYMENT_TARGET = 8.1;
				MTL_ENABLE_DEBUG_INFO = NO;
				SDKROOT = iphoneos;
				VALIDATE_PRODUCT = YES;
			};
			name = Release;
		};
		74387FA81B90638A0028BBC5 /* Debug */ = {
			isa = XCBuildConfiguration;
			buildSettings = {
				ASSETCATALOG_COMPILER_APPICON_NAME = AppIcon;
				INFOPLIST_FILE = MSDTJ/Info.plist;
				LD_RUNPATH_SEARCH_PATHS = "$(inherited) @executable_path/Frameworks";
				PRODUCT_NAME = "$(TARGET_NAME)";
			};
			name = Debug;
		};
		74387FA91B90638A0028BBC5 /* Release */ = {
			isa = XCBuildConfiguration;
			buildSettings = {
				ASSETCATALOG_COMPILER_APPICON_NAME = AppIcon;
				INFOPLIST_FILE = MSDTJ/Info.plist;
				LD_RUNPATH_SEARCH_PATHS = "$(inherited) @executable_path/Frameworks";
				PRODUCT_NAME = "$(TARGET_NAME)";
			};
			name = Release;
		};
		74387FAB1B90638A0028BBC5 /* Debug */ = {
			isa = XCBuildConfiguration;
			buildSettings = {
				BUNDLE_LOADER = "$(TEST_HOST)";
				FRAMEWORK_SEARCH_PATHS = (
					"$(SDKROOT)/Developer/Library/Frameworks",
					"$(inherited)",
				);
				GCC_PREPROCESSOR_DEFINITIONS = (
					"DEBUG=1",
					"$(inherited)",
				);
				INFOPLIST_FILE = MSDTJTests/Info.plist;
				LD_RUNPATH_SEARCH_PATHS = "$(inherited) @executable_path/Frameworks @loader_path/Frameworks";
				PRODUCT_NAME = "$(TARGET_NAME)";
				TEST_HOST = "$(BUILT_PRODUCTS_DIR)/MSDTJ.app/MSDTJ";
			};
			name = Debug;
		};
		74387FAC1B90638A0028BBC5 /* Release */ = {
			isa = XCBuildConfiguration;
			buildSettings = {
				BUNDLE_LOADER = "$(TEST_HOST)";
				FRAMEWORK_SEARCH_PATHS = (
					"$(SDKROOT)/Developer/Library/Frameworks",
					"$(inherited)",
				);
				INFOPLIST_FILE = MSDTJTests/Info.plist;
				LD_RUNPATH_SEARCH_PATHS = "$(inherited) @executable_path/Frameworks @loader_path/Frameworks";
				PRODUCT_NAME = "$(TARGET_NAME)";
				TEST_HOST = "$(BUILT_PRODUCTS_DIR)/MSDTJ.app/MSDTJ";
			};
			name = Release;
		};
/* End XCBuildConfiguration section */

/* Begin XCConfigurationList section */
		74387F7F1B90638A0028BBC5 /* Build configuration list for PBXProject "MSDTJ" */ = {
			isa = XCConfigurationList;
			buildConfigurations = (
				74387FA51B90638A0028BBC5 /* Debug */,
				74387FA61B90638A0028BBC5 /* Release */,
			);
			defaultConfigurationIsVisible = 0;
			defaultConfigurationName = Release;
		};
		74387FA71B90638A0028BBC5 /* Build configuration list for PBXNativeTarget "MSDTJ" */ = {
			isa = XCConfigurationList;
			buildConfigurations = (
				74387FA81B90638A0028BBC5 /* Debug */,
				74387FA91B90638A0028BBC5 /* Release */,
			);
			defaultConfigurationIsVisible = 0;
		};
		74387FAA1B90638A0028BBC5 /* Build configuration list for PBXNativeTarget "MSDTJTests" */ = {
			isa = XCConfigurationList;
			buildConfigurations = (
				74387FAB1B90638A0028BBC5 /* Debug */,
				74387FAC1B90638A0028BBC5 /* Release */,
			);
			defaultConfigurationIsVisible = 0;
		};
/* End XCConfigurationList section */
	};
	rootObject = 74387F7C1B90638A0028BBC5 /* Project object */;
}
