// !$*UTF8*$!
{
	archiveVersion = 1;
	classes = {
	};
	objectVersion = 46;
	objects = {

/* Begin PBXBuildFile section */
		37E669B91B9430CE00ACA36E /* CollectionCell.m in Sources */ = {isa = PBXBuildFile; fileRef = 37E669B71B9430CE00ACA36E /* CollectionCell.m */; };
		37E669BA1B9430CE00ACA36E /* CollectionCell.xib in Resources */ = {isa = PBXBuildFile; fileRef = 37E669B81B9430CE00ACA36E /* CollectionCell.xib */; };
		741111631B93E4C300EC3731 /* MainViewController.m in Sources */ = {isa = PBXBuildFile; fileRef = 741111621B93E4C300EC3731 /* MainViewController.m */; };
		741111661B93EB5100EC3731 /* MyViewController.m in Sources */ = {isa = PBXBuildFile; fileRef = 741111651B93EB5100EC3731 /* MyViewController.m */; };
		7411116F1B94407800EC3731 /* MainTabBarController.m in Sources */ = {isa = PBXBuildFile; fileRef = 7411116E1B94407800EC3731 /* MainTabBarController.m */; };
		741111821B94424600EC3731 /* deletebutton.png in Resources */ = {isa = PBXBuildFile; fileRef = 741111741B94424600EC3731 /* deletebutton.png */; };
		741111831B94424600EC3731 /* forget-head.png in Resources */ = {isa = PBXBuildFile; fileRef = 741111751B94424600EC3731 /* forget-head.png */; };
		741111841B94424600EC3731 /* forgetpassword.png in Resources */ = {isa = PBXBuildFile; fileRef = 741111761B94424600EC3731 /* forgetpassword.png */; };
		741111851B94424600EC3731 /* login-head.png in Resources */ = {isa = PBXBuildFile; fileRef = 741111771B94424600EC3731 /* login-head.png */; };
		741111861B94424600EC3731 /* loginbutton.png in Resources */ = {isa = PBXBuildFile; fileRef = 741111781B94424600EC3731 /* loginbutton.png */; };
		741111871B94424600EC3731 /* loginimage1.jpg in Resources */ = {isa = PBXBuildFile; fileRef = 741111791B94424600EC3731 /* loginimage1.jpg */; };
		741111881B94424600EC3731 /* loginimage2.jpg in Resources */ = {isa = PBXBuildFile; fileRef = 7411117A1B94424600EC3731 /* loginimage2.jpg */; };
		741111891B94424600EC3731 /* loginimage3.jpg in Resources */ = {isa = PBXBuildFile; fileRef = 7411117B1B94424600EC3731 /* loginimage3.jpg */; };
		7411118A1B94424600EC3731 /* logintextfield.png in Resources */ = {isa = PBXBuildFile; fileRef = 7411117C1B94424600EC3731 /* logintextfield.png */; };
		7411118B1B94424600EC3731 /* register-head.png in Resources */ = {isa = PBXBuildFile; fileRef = 7411117D1B94424600EC3731 /* register-head.png */; };
		7411118C1B94424600EC3731 /* registerbutton.png in Resources */ = {isa = PBXBuildFile; fileRef = 7411117E1B94424600EC3731 /* registerbutton.png */; };
		7411118D1B94424600EC3731 /* registerpustbutton.png in Resources */ = {isa = PBXBuildFile; fileRef = 7411117F1B94424600EC3731 /* registerpustbutton.png */; };
		7411118E1B94424600EC3731 /* registertextfield.png in Resources */ = {isa = PBXBuildFile; fileRef = 741111801B94424600EC3731 /* registertextfield.png */; };
		7411118F1B94424600EC3731 /* resetB.png in Resources */ = {isa = PBXBuildFile; fileRef = 741111811B94424600EC3731 /* resetB.png */; };
		741111941B9442D100EC3731 /* LoginViewController.m in Sources */ = {isa = PBXBuildFile; fileRef = 741111911B9442D100EC3731 /* LoginViewController.m */; };
		741111951B9442D100EC3731 /* RegistereViewController.m in Sources */ = {isa = PBXBuildFile; fileRef = 741111931B9442D100EC3731 /* RegistereViewController.m */; };
		74387F8A1B90638A0028BBC5 /* main.m in Sources */ = {isa = PBXBuildFile; fileRef = 74387F891B90638A0028BBC5 /* main.m */; };
		74387F8D1B90638A0028BBC5 /* AppDelegate.m in Sources */ = {isa = PBXBuildFile; fileRef = 74387F8C1B90638A0028BBC5 /* AppDelegate.m */; };
		74387F931B90638A0028BBC5 /* Main.storyboard in Resources */ = {isa = PBXBuildFile; fileRef = 74387F911B90638A0028BBC5 /* Main.storyboard */; };
		74387F951B90638A0028BBC5 /* Images.xcassets in Resources */ = {isa = PBXBuildFile; fileRef = 74387F941B90638A0028BBC5 /* Images.xcassets */; };
		74387F981B90638A0028BBC5 /* LaunchScreen.xib in Resources */ = {isa = PBXBuildFile; fileRef = 74387F961B90638A0028BBC5 /* LaunchScreen.xib */; };
		74387FA41B90638A0028BBC5 /* MSDTJTests.m in Sources */ = {isa = PBXBuildFile; fileRef = 74387FA31B90638A0028BBC5 /* MSDTJTests.m */; };
		745FB2CE1B945C8800C9AA13 /* SettingViewController.m in Sources */ = {isa = PBXBuildFile; fileRef = 745FB2CD1B945C8800C9AA13 /* SettingViewController.m */; };
/* End PBXBuildFile section */

/* Begin PBXContainerItemProxy section */
		74387F9E1B90638A0028BBC5 /* PBXContainerItemProxy */ = {
			isa = PBXContainerItemProxy;
			containerPortal = 74387F7C1B90638A0028BBC5 /* Project object */;
			proxyType = 1;
			remoteGlobalIDString = 74387F831B90638A0028BBC5;
			remoteInfo = MSDTJ;
		};
/* End PBXContainerItemProxy section */

/* Begin PBXFileReference section */
		37E669B61B9430CE00ACA36E /* CollectionCell.h */ = {isa = PBXFileReference; fileEncoding = 4; lastKnownFileType = sourcecode.c.h; name = CollectionCell.h; path = View/CollectionCell.h; sourceTree = "<group>"; };
		37E669B71B9430CE00ACA36E /* CollectionCell.m */ = {isa = PBXFileReference; fileEncoding = 4; lastKnownFileType = sourcecode.c.objc; name = CollectionCell.m; path = View/CollectionCell.m; sourceTree = "<group>"; };
		37E669B81B9430CE00ACA36E /* CollectionCell.xib */ = {isa = PBXFileReference; fileEncoding = 4; lastKnownFileType = file.xib; name = CollectionCell.xib; path = View/CollectionCell.xib; sourceTree = "<group>"; };
		741111611B93E4C300EC3731 /* MainViewController.h */ = {isa = PBXFileReference; fileEncoding = 4; lastKnownFileType = sourcecode.c.h; path = MainViewController.h; sourceTree = "<group>"; };
		741111621B93E4C300EC3731 /* MainViewController.m */ = {isa = PBXFileReference; fileEncoding = 4; lastKnownFileType = sourcecode.c.objc; path = MainViewController.m; sourceTree = "<group>"; };
		741111641B93EB5100EC3731 /* MyViewController.h */ = {isa = PBXFileReference; fileEncoding = 4; lastKnownFileType = sourcecode.c.h; path = MyViewController.h; sourceTree = "<group>"; };
		741111651B93EB5100EC3731 /* MyViewController.m */ = {isa = PBXFileReference; fileEncoding = 4; lastKnownFileType = sourcecode.c.objc; path = MyViewController.m; sourceTree = "<group>"; };
		7411116D1B94407800EC3731 /* MainTabBarController.h */ = {isa = PBXFileReference; fileEncoding = 4; lastKnownFileType = sourcecode.c.h; path = MainTabBarController.h; sourceTree = "<group>"; };
		7411116E1B94407800EC3731 /* MainTabBarController.m */ = {isa = PBXFileReference; fileEncoding = 4; lastKnownFileType = sourcecode.c.objc; path = MainTabBarController.m; sourceTree = "<group>"; };
		741111741B94424600EC3731 /* deletebutton.png */ = {isa = PBXFileReference; lastKnownFileType = image.png; path = deletebutton.png; sourceTree = "<group>"; };
		741111751B94424600EC3731 /* forget-head.png */ = {isa = PBXFileReference; lastKnownFileType = image.png; path = "forget-head.png"; sourceTree = "<group>"; };
		741111761B94424600EC3731 /* forgetpassword.png */ = {isa = PBXFileReference; lastKnownFileType = image.png; path = forgetpassword.png; sourceTree = "<group>"; };
		741111771B94424600EC3731 /* login-head.png */ = {isa = PBXFileReference; lastKnownFileType = image.png; path = "login-head.png"; sourceTree = "<group>"; };
		741111781B94424600EC3731 /* loginbutton.png */ = {isa = PBXFileReference; lastKnownFileType = image.png; path = loginbutton.png; sourceTree = "<group>"; };
		741111791B94424600EC3731 /* loginimage1.jpg */ = {isa = PBXFileReference; lastKnownFileType = image.jpeg; path = loginimage1.jpg; sourceTree = "<group>"; };
		7411117A1B94424600EC3731 /* loginimage2.jpg */ = {isa = PBXFileReference; lastKnownFileType = image.jpeg; path = loginimage2.jpg; sourceTree = "<group>"; };
		7411117B1B94424600EC3731 /* loginimage3.jpg */ = {isa = PBXFileReference; lastKnownFileType = image.jpeg; path = loginimage3.jpg; sourceTree = "<group>"; };
		7411117C1B94424600EC3731 /* logintextfield.png */ = {isa = PBXFileReference; lastKnownFileType = image.png; path = logintextfield.png; sourceTree = "<group>"; };
		7411117D1B94424600EC3731 /* register-head.png */ = {isa = PBXFileReference; lastKnownFileType = image.png; path = "register-head.png"; sourceTree = "<group>"; };
		7411117E1B94424600EC3731 /* registerbutton.png */ = {isa = PBXFileReference; lastKnownFileType = image.png; path = registerbutton.png; sourceTree = "<group>"; };
		7411117F1B94424600EC3731 /* registerpustbutton.png */ = {isa = PBXFileReference; lastKnownFileType = image.png; path = registerpustbutton.png; sourceTree = "<group>"; };
		741111801B94424600EC3731 /* registertextfield.png */ = {isa = PBXFileReference; lastKnownFileType = image.png; path = registertextfield.png; sourceTree = "<group>"; };
		741111811B94424600EC3731 /* resetB.png */ = {isa = PBXFileReference; lastKnownFileType = image.png; path = resetB.png; sourceTree = "<group>"; };
		741111901B9442D100EC3731 /* LoginViewController.h */ = {isa = PBXFileReference; fileEncoding = 4; lastKnownFileType = sourcecode.c.h; path = LoginViewController.h; sourceTree = "<group>"; };
		741111911B9442D100EC3731 /* LoginViewController.m */ = {isa = PBXFileReference; fileEncoding = 4; lastKnownFileType = sourcecode.c.objc; path = LoginViewController.m; sourceTree = "<group>"; };
		741111921B9442D100EC3731 /* RegistereViewController.h */ = {isa = PBXFileReference; fileEncoding = 4; lastKnownFileType = sourcecode.c.h; path = RegistereViewController.h; sourceTree = "<group>"; };
		741111931B9442D100EC3731 /* RegistereViewController.m */ = {isa = PBXFileReference; fileEncoding = 4; lastKnownFileType = sourcecode.c.objc; path = RegistereViewController.m; sourceTree = "<group>"; };
		74387F841B90638A0028BBC5 /* MSDTJ.app */ = {isa = PBXFileReference; explicitFileType = wrapper.application; includeInIndex = 0; path = MSDTJ.app; sourceTree = BUILT_PRODUCTS_DIR; };
		74387F881B90638A0028BBC5 /* Info.plist */ = {isa = PBXFileReference; lastKnownFileType = text.plist.xml; path = Info.plist; sourceTree = "<group>"; };
		74387F891B90638A0028BBC5 /* main.m */ = {isa = PBXFileReference; lastKnownFileType = sourcecode.c.objc; path = main.m; sourceTree = "<group>"; };
		74387F8B1B90638A0028BBC5 /* AppDelegate.h */ = {isa = PBXFileReference; lastKnownFileType = sourcecode.c.h; path = AppDelegate.h; sourceTree = "<group>"; };
		74387F8C1B90638A0028BBC5 /* AppDelegate.m */ = {isa = PBXFileReference; lastKnownFileType = sourcecode.c.objc; path = AppDelegate.m; sourceTree = "<group>"; };
		74387F921B90638A0028BBC5 /* Base */ = {isa = PBXFileReference; lastKnownFileType = file.storyboard; name = Base; path = Base.lproj/Main.storyboard; sourceTree = "<group>"; };
		74387F941B90638A0028BBC5 /* Images.xcassets */ = {isa = PBXFileReference; lastKnownFileType = folder.assetcatalog; path = Images.xcassets; sourceTree = "<group>"; };
		74387F971B90638A0028BBC5 /* Base */ = {isa = PBXFileReference; lastKnownFileType = file.xib; name = Base; path = Base.lproj/LaunchScreen.xib; sourceTree = "<group>"; };
		74387F9D1B90638A0028BBC5 /* MSDTJTests.xctest */ = {isa = PBXFileReference; explicitFileType = wrapper.cfbundle; includeInIndex = 0; path = MSDTJTests.xctest; sourceTree = BUILT_PRODUCTS_DIR; };
		74387FA21B90638A0028BBC5 /* Info.plist */ = {isa = PBXFileReference; lastKnownFileType = text.plist.xml; path = Info.plist; sourceTree = "<group>"; };
		74387FA31B90638A0028BBC5 /* MSDTJTests.m */ = {isa = PBXFileReference; lastKnownFileType = sourcecode.c.objc; path = MSDTJTests.m; sourceTree = "<group>"; };
		745FB2CC1B945C8800C9AA13 /* SettingViewController.h */ = {isa = PBXFileReference; fileEncoding = 4; lastKnownFileType = sourcecode.c.h; path = SettingViewController.h; sourceTree = "<group>"; };
		745FB2CD1B945C8800C9AA13 /* SettingViewController.m */ = {isa = PBXFileReference; fileEncoding = 4; lastKnownFileType = sourcecode.c.objc; path = SettingViewController.m; sourceTree = "<group>"; };
/* End PBXFileReference section */

/* Begin PBXFrameworksBuildPhase section */
		74387F811B90638A0028BBC5 /* Frameworks */ = {
			isa = PBXFrameworksBuildPhase;
			buildActionMask = 2147483647;
			files = (
			);
			runOnlyForDeploymentPostprocessing = 0;
		};
		74387F9A1B90638A0028BBC5 /* Frameworks */ = {
			isa = PBXFrameworksBuildPhase;
			buildActionMask = 2147483647;
			files = (
			);
			runOnlyForDeploymentPostprocessing = 0;
		};
/* End PBXFrameworksBuildPhase section */

/* Begin PBXGroup section */
		37E669BB1B9430EE00ACA36E /* View */ = {
			isa = PBXGroup;
			children = (
				37E669B61B9430CE00ACA36E /* CollectionCell.h */,
				37E669B71B9430CE00ACA36E /* CollectionCell.m */,
				37E669B81B9430CE00ACA36E /* CollectionCell.xib */,
			);
			name = View;
			sourceTree = "<group>";
		};
		74387F7B1B90638A0028BBC5 = {
			isa = PBXGroup;
			children = (
				74387F861B90638A0028BBC5 /* MSDTJ */,
				74387FA01B90638A0028BBC5 /* MSDTJTests */,
				74387F851B90638A0028BBC5 /* Products */,
			);
			sourceTree = "<group>";
		};
		74387F851B90638A0028BBC5 /* Products */ = {
			isa = PBXGroup;
			children = (
				74387F841B90638A0028BBC5 /* MSDTJ.app */,
				74387F9D1B90638A0028BBC5 /* MSDTJTests.xctest */,
			);
			name = Products;
			sourceTree = "<group>";
		};
		74387F861B90638A0028BBC5 /* MSDTJ */ = {
			isa = PBXGroup;
			children = (
				37E669BB1B9430EE00ACA36E /* View */,
				74387F8B1B90638A0028BBC5 /* AppDelegate.h */,
				74387F8C1B90638A0028BBC5 /* AppDelegate.m */,
				741111611B93E4C300EC3731 /* MainViewController.h */,
				741111621B93E4C300EC3731 /* MainViewController.m */,
				741111641B93EB5100EC3731 /* MyViewController.h */,
				741111651B93EB5100EC3731 /* MyViewController.m */,
				745FB2CC1B945C8800C9AA13 /* SettingViewController.h */,
				745FB2CD1B945C8800C9AA13 /* SettingViewController.m */,
				741111901B9442D100EC3731 /* LoginViewController.h */,
				741111911B9442D100EC3731 /* LoginViewController.m */,
				741111921B9442D100EC3731 /* RegistereViewController.h */,
				741111931B9442D100EC3731 /* RegistereViewController.m */,
				7411116D1B94407800EC3731 /* MainTabBarController.h */,
				7411116E1B94407800EC3731 /* MainTabBarController.m */,
				74387F911B90638A0028BBC5 /* Main.storyboard */,
				741111731B94424600EC3731 /* icon */,
				74387F941B90638A0028BBC5 /* Images.xcassets */,
				74387F961B90638A0028BBC5 /* LaunchScreen.xib */,
				74387F871B90638A0028BBC5 /* Supporting Files */,
			);
			path = MSDTJ;
			sourceTree = "<group>";
		};
		74387F871B90638A0028BBC5 /* Supporting Files */ = {
			isa = PBXGroup;
			children = (
				74387F881B90638A0028BBC5 /* Info.plist */,
				74387F891B90638A0028BBC5 /* main.m */,
			);
			name = "Supporting Files";
			sourceTree = "<group>";
		};
		74387FA01B90638A0028BBC5 /* MSDTJTests */ = {
			isa = PBXGroup;
			children = (
				74387FA31B90638A0028BBC5 /* MSDTJTests.m */,
				74387FA11B90638A0028BBC5 /* Supporting Files */,
			);
			path = MSDTJTests;
			sourceTree = "<group>";
		};
		74387FA11B90638A0028BBC5 /* Supporting Files */ = {
			isa = PBXGroup;
			children = (
				74387FA21B90638A0028BBC5 /* Info.plist */,
			);
			name = "Supporting Files";
			sourceTree = "<group>";
		};
/* End PBXGroup section */

/* Begin PBXNativeTarget section */
		74387F831B90638A0028BBC5 /* MSDTJ */ = {
			isa = PBXNativeTarget;
			buildConfigurationList = 74387FA71B90638A0028BBC5 /* Build configuration list for PBXNativeTarget "MSDTJ" */;
			buildPhases = (
				74387F801B90638A0028BBC5 /* Sources */,
				74387F811B90638A0028BBC5 /* Frameworks */,
				74387F821B90638A0028BBC5 /* Resources */,
			);
			buildRules = (
			);
			dependencies = (
			);
			name = MSDTJ;
			productName = MSDTJ;
			productReference = 74387F841B90638A0028BBC5 /* MSDTJ.app */;
			productType = "com.apple.product-type.application";
		};
		74387F9C1B90638A0028BBC5 /* MSDTJTests */ = {
			isa = PBXNativeTarget;
			buildConfigurationList = 74387FAA1B90638A0028BBC5 /* Build configuration list for PBXNativeTarget "MSDTJTests" */;
			buildPhases = (
				74387F991B90638A0028BBC5 /* Sources */,
				74387F9A1B90638A0028BBC5 /* Frameworks */,
				74387F9B1B90638A0028BBC5 /* Resources */,
			);
			buildRules = (
			);
			dependencies = (
				74387F9F1B90638A0028BBC5 /* PBXTargetDependency */,
			);
			name = MSDTJTests;
			productName = MSDTJTests;
			productReference = 74387F9D1B90638A0028BBC5 /* MSDTJTests.xctest */;
			productType = "com.apple.product-type.bundle.unit-test";
		};
/* End PBXNativeTarget section */

/* Begin PBXProject section */
		74387F7C1B90638A0028BBC5 /* Project object */ = {
			isa = PBXProject;
			attributes = {
				LastUpgradeCheck = 0610;
				ORGANIZATIONNAME = Benfu;
				TargetAttributes = {
					74387F831B90638A0028BBC5 = {
						CreatedOnToolsVersion = 6.1;
					};
					74387F9C1B90638A0028BBC5 = {
						CreatedOnToolsVersion = 6.1;
						TestTargetID = 74387F831B90638A0028BBC5;
					};
				};
			};
			buildConfigurationList = 74387F7F1B90638A0028BBC5 /* Build configuration list for PBXProject "MSDTJ" */;
			compatibilityVersion = "Xcode 3.2";
			developmentRegion = English;
			hasScannedForEncodings = 0;
			knownRegions = (
				en,
				Base,
			);
			mainGroup = 74387F7B1B90638A0028BBC5;
			productRefGroup = 74387F851B90638A0028BBC5 /* Products */;
			projectDirPath = "";
			projectRoot = "";
			targets = (
				74387F831B90638A0028BBC5 /* MSDTJ */,
				74387F9C1B90638A0028BBC5 /* MSDTJTests */,
			);
		};
/* End PBXProject section */

/* Begin PBXResourcesBuildPhase section */
		74387F821B90638A0028BBC5 /* Resources */ = {
			isa = PBXResourcesBuildPhase;
			buildActionMask = 2147483647;
			files = (
				74387F931B90638A0028BBC5 /* Main.storyboard in Resources */,
				741111871B94424600EC3731 /* loginimage1.jpg in Resources */,
				741111881B94424600EC3731 /* loginimage2.jpg in Resources */,
				741111891B94424600EC3731 /* loginimage3.jpg in Resources */,
				741111841B94424600EC3731 /* forgetpassword.png in Resources */,
				74387F981B90638A0028BBC5 /* LaunchScreen.xib in Resources */,
				7411118F1B94424600EC3731 /* resetB.png in Resources */,
				7411118E1B94424600EC3731 /* registertextfield.png in Resources */,
				7411118C1B94424600EC3731 /* registerbutton.png in Resources */,
				741111831B94424600EC3731 /* forget-head.png in Resources */,
				741111821B94424600EC3731 /* deletebutton.png in Resources */,
				74387F951B90638A0028BBC5 /* Images.xcassets in Resources */,
				37E669BA1B9430CE00ACA36E /* CollectionCell.xib in Resources */,
			);
			runOnlyForDeploymentPostprocessing = 0;
		};
		74387F9B1B90638A0028BBC5 /* Resources */ = {
			isa = PBXResourcesBuildPhase;
			buildActionMask = 2147483647;
			files = (
			);
			runOnlyForDeploymentPostprocessing = 0;
		};
/* End PBXResourcesBuildPhase section */

/* Begin PBXSourcesBuildPhase section */
		74387F801B90638A0028BBC5 /* Sources */ = {
			isa = PBXSourcesBuildPhase;
			buildActionMask = 2147483647;
			files = (
				74387F8D1B90638A0028BBC5 /* AppDelegate.m in Sources */,
				37E669B91B9430CE00ACA36E /* CollectionCell.m in Sources */,
				74387F8A1B90638A0028BBC5 /* main.m in Sources */,
				741111661B93EB5100EC3731 /* MyViewController.m in Sources */,
				741111631B93E4C300EC3731 /* MainViewController.m in Sources */,
				745FB2CE1B945C8800C9AA13 /* SettingViewController.m in Sources */,
			);
			runOnlyForDeploymentPostprocessing = 0;
		};
		74387F991B90638A0028BBC5 /* Sources */ = {
			isa = PBXSourcesBuildPhase;
			buildActionMask = 2147483647;
			files = (
				74387FA41B90638A0028BBC5 /* MSDTJTests.m in Sources */,
			);
			runOnlyForDeploymentPostprocessing = 0;
		};
/* End PBXSourcesBuildPhase section */

/* Begin PBXTargetDependency section */
		74387F9F1B90638A0028BBC5 /* PBXTargetDependency */ = {
			isa = PBXTargetDependency;
			target = 74387F831B90638A0028BBC5 /* MSDTJ */;
			targetProxy = 74387F9E1B90638A0028BBC5 /* PBXContainerItemProxy */;
		};
/* End PBXTargetDependency section */

/* Begin PBXVariantGroup section */
		74387F911B90638A0028BBC5 /* Main.storyboard */ = {
			isa = PBXVariantGroup;
			children = (
				74387F921B90638A0028BBC5 /* Base */,
			);
			name = Main.storyboard;
			sourceTree = "<group>";
		};
		74387F961B90638A0028BBC5 /* LaunchScreen.xib */ = {
			isa = PBXVariantGroup;
			children = (
				74387F971B90638A0028BBC5 /* Base */,
			);
			name = LaunchScreen.xib;
			sourceTree = "<group>";
		};
/* End PBXVariantGroup section */

/* Begin XCBuildConfiguration section */
		74387FA51B90638A0028BBC5 /* Debug */ = {
			isa = XCBuildConfiguration;
			buildSettings = {
				ALWAYS_SEARCH_USER_PATHS = NO;
				CLANG_CXX_LANGUAGE_STANDARD = "gnu++0x";
				CLANG_CXX_LIBRARY = "libc++";
				CLANG_ENABLE_MODULES = YES;
				CLANG_ENABLE_OBJC_ARC = YES;
				CLANG_WARN_BOOL_CONVERSION = YES;
				CLANG_WARN_CONSTANT_CONVERSION = YES;
				CLANG_WARN_DIRECT_OBJC_ISA_USAGE = YES_ERROR;
				CLANG_WARN_EMPTY_BODY = YES;
				CLANG_WARN_ENUM_CONVERSION = YES;
				CLANG_WARN_INT_CONVERSION = YES;
				CLANG_WARN_OBJC_ROOT_CLASS = YES_ERROR;
				CLANG_WARN_UNREACHABLE_CODE = YES;
				CLANG_WARN__DUPLICATE_METHOD_MATCH = YES;
				"CODE_SIGN_IDENTITY[sdk=iphoneos*]" = "iPhone Developer";
				COPY_PHASE_STRIP = NO;
				ENABLE_STRICT_OBJC_MSGSEND = YES;
				GCC_C_LANGUAGE_STANDARD = gnu99;
				GCC_DYNAMIC_NO_PIC = NO;
				GCC_OPTIMIZATION_LEVEL = 0;
				GCC_PREPROCESSOR_DEFINITIONS = (
					"DEBUG=1",
					"$(inherited)",
				);
				GCC_SYMBOLS_PRIVATE_EXTERN = NO;
				GCC_WARN_64_TO_32_BIT_CONVERSION = YES;
				GCC_WARN_ABOUT_RETURN_TYPE = YES_ERROR;
				GCC_WARN_UNDECLARED_SELECTOR = YES;
				GCC_WARN_UNINITIALIZED_AUTOS = YES_AGGRESSIVE;
				GCC_WARN_UNUSED_FUNCTION = YES;
				GCC_WARN_UNUSED_VARIABLE = YES;
				IPHONEOS_DEPLOYMENT_TARGET = 8.1;
				MTL_ENABLE_DEBUG_INFO = YES;
				ONLY_ACTIVE_ARCH = YES;
				SDKROOT = iphoneos;
			};
			name = Debug;
		};
		74387FA61B90638A0028BBC5 /* Release */ = {
			isa = XCBuildConfiguration;
			buildSettings = {
				ALWAYS_SEARCH_USER_PATHS = NO;
				CLANG_CXX_LANGUAGE_STANDARD = "gnu++0x";
				CLANG_CXX_LIBRARY = "libc++";
				CLANG_ENABLE_MODULES = YES;
				CLANG_ENABLE_OBJC_ARC = YES;
				CLANG_WARN_BOOL_CONVERSION = YES;
				CLANG_WARN_CONSTANT_CONVERSION = YES;
				CLANG_WARN_DIRECT_OBJC_ISA_USAGE = YES_ERROR;
				CLANG_WARN_EMPTY_BODY = YES;
				CLANG_WARN_ENUM_CONVERSION = YES;
				CLANG_WARN_INT_CONVERSION = YES;
				CLANG_WARN_OBJC_ROOT_CLASS = YES_ERROR;
				CLANG_WARN_UNREACHABLE_CODE = YES;
				CLANG_WARN__DUPLICATE_METHOD_MATCH = YES;
				"CODE_SIGN_IDENTITY[sdk=iphoneos*]" = "iPhone Developer";
				COPY_PHASE_STRIP = YES;
				ENABLE_NS_ASSERTIONS = NO;
				ENABLE_STRICT_OBJC_MSGSEND = YES;
				GCC_C_LANGUAGE_STANDARD = gnu99;
				GCC_WARN_64_TO_32_BIT_CONVERSION = YES;
				GCC_WARN_ABOUT_RETURN_TYPE = YES_ERROR;
				GCC_WARN_UNDECLARED_SELECTOR = YES;
				GCC_WARN_UNINITIALIZED_AUTOS = YES_AGGRESSIVE;
				GCC_WARN_UNUSED_FUNCTION = YES;
				GCC_WARN_UNUSED_VARIABLE = YES;
				IPHONEOS_DEPLOYMENT_TARGET = 8.1;
				MTL_ENABLE_DEBUG_INFO = NO;
				SDKROOT = iphoneos;
				VALIDATE_PRODUCT = YES;
			};
			name = Release;
		};
		74387FA81B90638A0028BBC5 /* Debug */ = {
			isa = XCBuildConfiguration;
			buildSettings = {
				ASSETCATALOG_COMPILER_APPICON_NAME = AppIcon;
				INFOPLIST_FILE = MSDTJ/Info.plist;
				LD_RUNPATH_SEARCH_PATHS = "$(inherited) @executable_path/Frameworks";
				PRODUCT_NAME = "$(TARGET_NAME)";
			};
			name = Debug;
		};
		74387FA91B90638A0028BBC5 /* Release */ = {
			isa = XCBuildConfiguration;
			buildSettings = {
				ASSETCATALOG_COMPILER_APPICON_NAME = AppIcon;
				INFOPLIST_FILE = MSDTJ/Info.plist;
				LD_RUNPATH_SEARCH_PATHS = "$(inherited) @executable_path/Frameworks";
				PRODUCT_NAME = "$(TARGET_NAME)";
			};
			name = Release;
		};
		74387FAB1B90638A0028BBC5 /* Debug */ = {
			isa = XCBuildConfiguration;
			buildSettings = {
				BUNDLE_LOADER = "$(TEST_HOST)";
				FRAMEWORK_SEARCH_PATHS = (
					"$(SDKROOT)/Developer/Library/Frameworks",
					"$(inherited)",
				);
				GCC_PREPROCESSOR_DEFINITIONS = (
					"DEBUG=1",
					"$(inherited)",
				);
				INFOPLIST_FILE = MSDTJTests/Info.plist;
				LD_RUNPATH_SEARCH_PATHS = "$(inherited) @executable_path/Frameworks @loader_path/Frameworks";
				PRODUCT_NAME = "$(TARGET_NAME)";
				TEST_HOST = "$(BUILT_PRODUCTS_DIR)/MSDTJ.app/MSDTJ";
			};
			name = Debug;
		};
		74387FAC1B90638A0028BBC5 /* Release */ = {
			isa = XCBuildConfiguration;
			buildSettings = {
				BUNDLE_LOADER = "$(TEST_HOST)";
				FRAMEWORK_SEARCH_PATHS = (
					"$(SDKROOT)/Developer/Library/Frameworks",
					"$(inherited)",
				);
				INFOPLIST_FILE = MSDTJTests/Info.plist;
				LD_RUNPATH_SEARCH_PATHS = "$(inherited) @executable_path/Frameworks @loader_path/Frameworks";
				PRODUCT_NAME = "$(TARGET_NAME)";
				TEST_HOST = "$(BUILT_PRODUCTS_DIR)/MSDTJ.app/MSDTJ";
			};
			name = Release;
		};
/* End XCBuildConfiguration section */

/* Begin XCConfigurationList section */
		74387F7F1B90638A0028BBC5 /* Build configuration list for PBXProject "MSDTJ" */ = {
			isa = XCConfigurationList;
			buildConfigurations = (
				74387FA51B90638A0028BBC5 /* Debug */,
				74387FA61B90638A0028BBC5 /* Release */,
			);
			defaultConfigurationIsVisible = 0;
			defaultConfigurationName = Release;
		};
		74387FA71B90638A0028BBC5 /* Build configuration list for PBXNativeTarget "MSDTJ" */ = {
			isa = XCConfigurationList;
			buildConfigurations = (
				74387FA81B90638A0028BBC5 /* Debug */,
				74387FA91B90638A0028BBC5 /* Release */,
			);
			defaultConfigurationIsVisible = 0;
			defaultConfigurationName = Release;
		};
		74387FAA1B90638A0028BBC5 /* Build configuration list for PBXNativeTarget "MSDTJTests" */ = {
			isa = XCConfigurationList;
			buildConfigurations = (
				74387FAB1B90638A0028BBC5 /* Debug */,
				74387FAC1B90638A0028BBC5 /* Release */,
			);
			defaultConfigurationIsVisible = 0;
			defaultConfigurationName = Release;
		};
/* End XCConfigurationList section */
	};
	rootObject = 74387F7C1B90638A0028BBC5 /* Project object */;
}
